
Microsoft Visual Studio Solution File, Format Version 12.00
# Visual Studio Version 16
VisualStudioVersion = 16.0.29020.237
MinimumVisualStudioVersion = 10.0.40219.1
Project("{FAE04EC0-301F-11D3-BF4B-00C04F79EFBC}") = "HubClient.Tests", "HubClient.Tests.csproj", "{9C88B607-888B-4EE0-A040-0DD123AD8563}"
EndProject
Project("{FAE04EC0-301F-11D3-BF4B-00C04F79EFBC}") = "SignalrCoreWrapper", "..\SignalrCoreWrapper\SignalrCoreWrapper.csproj", "{6EDB58BE-7860-46A6-A1DD-6DAFAF766882}"
EndProject
Global
	GlobalSection(SolutionConfigurationPlatforms) = preSolution
		Debug|Any CPU = Debug|Any CPU
		Release|Any CPU = Release|Any CPU
	EndGlobalSection
	GlobalSection(ProjectConfigurationPlatforms) = postSolution
		{9C88B607-888B-4EE0-A040-0DD123AD8563}.Debug|Any CPU.ActiveCfg = Debug|Any CPU
		{9C88B607-888B-4EE0-A040-0DD123AD8563}.Debug|Any CPU.Build.0 = Debug|Any CPU
		{9C88B607-888B-4EE0-A040-0DD123AD8563}.Release|Any CPU.ActiveCfg = Release|Any CPU
		{9C88B607-888B-4EE0-A040-0DD123AD8563}.Release|Any CPU.Build.0 = Release|Any CPU
		{6EDB58BE-7860-46A6-A1DD-6DAFAF766882}.Debug|Any CPU.ActiveCfg = Debug|Any CPU
		{6EDB58BE-7860-46A6-A1DD-6DAFAF766882}.Debug|Any CPU.Build.0 = Debug|Any CPU
		{6EDB58BE-7860-46A6-A1DD-6DAFAF766882}.Release|Any CPU.ActiveCfg = Release|Any CPU
		{6EDB58BE-7860-46A6-A1DD-6DAFAF766882}.Release|Any CPU.Build.0 = Release|Any CPU
	EndGlobalSection
	GlobalSection(SolutionProperties) = preSolution
		HideSolutionNode = FALSE
	EndGlobalSection
	GlobalSection(ExtensibilityGlobals) = postSolution
		SolutionGuid = {443A16BE-B392-4EF6-B375-6F5DCFD4E713}
	EndGlobalSection
EndGlobal
