
Microsoft Visual Studio Solution File, Format Version 12.00
# Visual Studio Version 16
VisualStudioVersion = 16.0.29020.237
MinimumVisualStudioVersion = 10.0.40219.1
Project("{9A19103F-16F7-4668-BE54-9A1E7A4F7556}") = "MusicServer", "MusicServer.csproj", "{DD1A2EA6-0C99-4046-A04B-65C80AE62E89}"
EndProject
Project("{9A19103F-16F7-4668-BE54-9A1E7A4F7556}") = "SharedDomain", "..\SharedDomain\SharedDomain.csproj", "{59888BB0-78E9-4C92-8DC5-03FC7EBFBB91}"
EndProject
Project("{9A19103F-16F7-4668-BE54-9A1E7A4F7556}") = "MusixClient", "..\MusixClient\MusixClient.csproj", "{CDDFCA20-22DA-47DB-9458-7D019C8CDBE9}"
EndProject
Project("{FAE04EC0-301F-11D3-BF4B-00C04F79EFBC}") = "SignalrCoreWrapper", "..\SignalrCoreWrapper\SignalrCoreWrapper.csproj", "{6EDB58BE-7860-46A6-A1DD-6DAFAF766882}"
EndProject
Project("{9A19103F-16F7-4668-BE54-9A1E7A4F7556}") = "LicensingService", "..\BMIRepertoireClient\LicensingService.csproj", "{645019CA-821C-4A8D-96EF-E4827B751F51}"
EndProject
Project("{9A19103F-16F7-4668-BE54-9A1E7A4F7556}") = "MusicStorageClient", "..\MusicStorageClient\MusicStorageClient.csproj", "{A6F08B9C-8222-468A-BE34-9F199FE7FC6D}"
EndProject
Project("{9A19103F-16F7-4668-BE54-9A1E7A4F7556}") = "ArtManager", "..\ArtManager\ArtManager.csproj", "{A3AE9F16-9913-4497-A0B4-2F4C5306D91D}"
EndProject
Project("{2150E333-8FDC-42A3-9474-1A3956D46DE8}") = "StorageClient", "StorageClient", "{2849E3CE-A1BE-41E3-AA5D-5A6B9872EA6B}"
EndProject
Project("{9A19103F-16F7-4668-BE54-9A1E7A4F7556}") = "MusicStorageClient.Tests", "..\MusicStorageClient.Tests\MusicStorageClient.Tests.csproj", "{147465B0-8216-4C97-A794-A05DA99C1909}"
EndProject
Project("{9A19103F-16F7-4668-BE54-9A1E7A4F7556}") = "MusicApi.Serverless", "..\MusicApi.Serverless\MusicApi.Serverless.csproj", "{C9059935-E306-4AF1-9757-33180158C330}"
EndProject
Project("{9A19103F-16F7-4668-BE54-9A1E7A4F7556}") = "MusicEventDbApi", "..\MusicEventDbApi\MusicEventDbApi.csproj", "{4EC1C1C0-C736-49A0-A396-F0EF1C486DEC}"
EndProject
Project("{9A19103F-16F7-4668-BE54-9A1E7A4F7556}") = "MusicApi.Serverless.Client", "..\MusicApi.Serverless.Client\MusicApi.Serverless.Client.csproj", "{88A91020-F34A-46B5-B971-006CE6414D58}"
EndProject
Project("{2150E333-8FDC-42A3-9474-1A3956D46DE8}") = "GamePlayingContext", "GamePlayingContext", "{7C8A6BA0-88C1-4785-9D36-116C5E78BDA2}"
EndProject
Project("{9A19103F-16F7-4668-BE54-9A1E7A4F7556}") = "GamePlaying", "..\GamePlayingContext\GamePlaying\GamePlaying.csproj", "{3B1FBEC5-EB2C-4CCE-BB09-AC9DE389985D}"
EndProject
Project("{9A19103F-16F7-4668-BE54-9A1E7A4F7556}") = "GamePlaying.Repositories", "..\GamePlayingContext\GamePlaying.Repositories\GamePlaying.Repositories.csproj", "{7D3E38E3-078C-47A0-B7D9-E29A3F718050}"
EndProject
Project("{2150E333-8FDC-42A3-9474-1A3956D46DE8}") = "Purchasing", "Purchasing", "{7A5FB1A2-0A0B-4C05-B923-7054A0F4CA9F}"
EndProject
Project("{2150E333-8FDC-42A3-9474-1A3956D46DE8}") = "Infrastructure", "Infrastructure", "{4FDE4E02-A53D-4069-A9A9-3AFC50FE0D50}"
EndProject
Project("{9A19103F-16F7-4668-BE54-9A1E7A4F7556}") = "FirestoreExtensions", "..\FirestoreExtensions\FirestoreExtensions.csproj", "{9B973028-658D-4F29-A0E7-D70D23982496}"
EndProject
Project("{9A19103F-16F7-4668-BE54-9A1E7A4F7556}") = "GcloudWebApiExtensions", "..\GcloudWebApiExtensions\GcloudWebApiExtensions.csproj", "{9C2D0CCB-570B-46B0-A895-79B63F70B52B}"
EndProject
Project("{9A19103F-16F7-4668-BE54-9A1E7A4F7556}") = "SteamWebApi.Client", "..\SteamWebApi.Client\SteamWebApi.Client.csproj", "{8D693789-2647-47F9-9960-4AC4E49E9780}"
EndProject
Project("{9A19103F-16F7-4668-BE54-9A1E7A4F7556}") = "GamePlaying.Tests", "..\GamePlayingContext\GamePlaying.Tests\GamePlaying.Tests.csproj", "{F30E47B0-A42D-4560-AD35-6A4E5A9D0DEE}"
EndProject
Project("{9A19103F-16F7-4668-BE54-9A1E7A4F7556}") = "MusicDbApi", "..\MusicDbApi\MusicDbApi.csproj", "{0C8E5B33-DED7-4A19-AC8C-60B016F6467A}"
EndProject
Project("{2150E333-8FDC-42A3-9474-1A3956D46DE8}") = "Tasks", "Tasks", "{B4712ED6-B555-486A-8CEF-0EDCBE72C802}"
EndProject
Project("{9A19103F-16F7-4668-BE54-9A1E7A4F7556}") = "SpotifyApiService", "..\SpotifyApiService\SpotifyApiService.csproj", "{152796F1-835B-48B2-ACE2-25B79BC211FA}"
EndProject
Project("{9A19103F-16F7-4668-BE54-9A1E7A4F7556}") = "TaskService", "..\TaskService\TaskService.csproj", "{6BC5419D-0428-40C8-B731-0A45966CE814}"
EndProject
Project("{9A19103F-16F7-4668-BE54-9A1E7A4F7556}") = "LicensingService.Tests", "..\LicensingService.Tests\LicensingService.Tests.csproj", "{883A0DCB-9090-4EFF-8A4A-58EEBF611734}"
EndProject
Project("{9A19103F-16F7-4668-BE54-9A1E7A4F7556}") = "BackOffice.Web", "..\BackOffice.Web\BackOffice.Web.csproj", "{13A87E47-93B8-4219-9299-1E92986E949B}"
EndProject
Project("{9A19103F-16F7-4668-BE54-9A1E7A4F7556}") = "ArtManager.Tests", "..\ArtManager.Tests\ArtManager.Tests.csproj", "{4F2FEFB1-B993-43E2-972C-CE4B2C2F7501}"
EndProject
Project("{9A19103F-16F7-4668-BE54-9A1E7A4F7556}") = "PlayFabService", "..\PlayFabService\PlayFabService.csproj", "{098BCBE1-89B1-4089-9EB2-7DEA0B0C4C6A}"
EndProject
Project("{9A19103F-16F7-4668-BE54-9A1E7A4F7556}") = "SharedDomain.Tests", "..\SharedDomain.Tests\SharedDomain.Tests.csproj", "{110F1E77-D434-411E-B5AC-B1FFCB8DB020}"
EndProject
Project("{9A19103F-16F7-4668-BE54-9A1E7A4F7556}") = "PlayFabService.Tests", "..\PlayFabService.Tests\PlayFabService.Tests.csproj", "{5A0303DD-6416-4BA0-BFEC-54BDAB566118}"
EndProject
Project("{9A19103F-16F7-4668-BE54-9A1E7A4F7556}") = "AudioProcessing", "..\AudioProcessing\AudioProcessing.csproj", "{C352B187-2024-4C46-BCEF-063C8C394A7B}"
EndProject
Project("{9A19103F-16F7-4668-BE54-9A1E7A4F7556}") = "YoutubeDL", "..\YoutubeDL\YoutubeDL.csproj", "{08468DD7-6D44-4D1A-9E6E-C2945A64A7FC}"
EndProject
Project("{9A19103F-16F7-4668-BE54-9A1E7A4F7556}") = "YoutubeDL.Tests", "..\YoutubeDL.Tests\YoutubeDL.Tests.csproj", "{376E41A7-7DB9-4648-9555-24518A5140CE}"
EndProject
Global
	GlobalSection(SolutionConfigurationPlatforms) = preSolution
		Debug|Any CPU = Debug|Any CPU
		Release|Any CPU = Release|Any CPU
	EndGlobalSection
	GlobalSection(ProjectConfigurationPlatforms) = postSolution
		{DD1A2EA6-0C99-4046-A04B-65C80AE62E89}.Debug|Any CPU.ActiveCfg = Debug|Any CPU
		{DD1A2EA6-0C99-4046-A04B-65C80AE62E89}.Debug|Any CPU.Build.0 = Debug|Any CPU
		{DD1A2EA6-0C99-4046-A04B-65C80AE62E89}.Release|Any CPU.ActiveCfg = Release|Any CPU
		{DD1A2EA6-0C99-4046-A04B-65C80AE62E89}.Release|Any CPU.Build.0 = Release|Any CPU
		{59888BB0-78E9-4C92-8DC5-03FC7EBFBB91}.Debug|Any CPU.ActiveCfg = Debug|Any CPU
		{59888BB0-78E9-4C92-8DC5-03FC7EBFBB91}.Debug|Any CPU.Build.0 = Debug|Any CPU
		{59888BB0-78E9-4C92-8DC5-03FC7EBFBB91}.Release|Any CPU.ActiveCfg = Release|Any CPU
		{59888BB0-78E9-4C92-8DC5-03FC7EBFBB91}.Release|Any CPU.Build.0 = Release|Any CPU
		{CDDFCA20-22DA-47DB-9458-7D019C8CDBE9}.Debug|Any CPU.ActiveCfg = Debug|Any CPU
		{CDDFCA20-22DA-47DB-9458-7D019C8CDBE9}.Debug|Any CPU.Build.0 = Debug|Any CPU
		{CDDFCA20-22DA-47DB-9458-7D019C8CDBE9}.Release|Any CPU.ActiveCfg = Release|Any CPU
		{CDDFCA20-22DA-47DB-9458-7D019C8CDBE9}.Release|Any CPU.Build.0 = Release|Any CPU
		{6EDB58BE-7860-46A6-A1DD-6DAFAF766882}.Debug|Any CPU.ActiveCfg = Debug|Any CPU
		{6EDB58BE-7860-46A6-A1DD-6DAFAF766882}.Debug|Any CPU.Build.0 = Debug|Any CPU
		{6EDB58BE-7860-46A6-A1DD-6DAFAF766882}.Release|Any CPU.ActiveCfg = Release|Any CPU
		{6EDB58BE-7860-46A6-A1DD-6DAFAF766882}.Release|Any CPU.Build.0 = Release|Any CPU
		{645019CA-821C-4A8D-96EF-E4827B751F51}.Debug|Any CPU.ActiveCfg = Debug|Any CPU
		{645019CA-821C-4A8D-96EF-E4827B751F51}.Debug|Any CPU.Build.0 = Debug|Any CPU
		{645019CA-821C-4A8D-96EF-E4827B751F51}.Release|Any CPU.ActiveCfg = Release|Any CPU
		{645019CA-821C-4A8D-96EF-E4827B751F51}.Release|Any CPU.Build.0 = Release|Any CPU
		{A6F08B9C-8222-468A-BE34-9F199FE7FC6D}.Debug|Any CPU.ActiveCfg = Debug|Any CPU
		{A6F08B9C-8222-468A-BE34-9F199FE7FC6D}.Debug|Any CPU.Build.0 = Debug|Any CPU
		{A6F08B9C-8222-468A-BE34-9F199FE7FC6D}.Release|Any CPU.ActiveCfg = Release|Any CPU
		{A6F08B9C-8222-468A-BE34-9F199FE7FC6D}.Release|Any CPU.Build.0 = Release|Any CPU
		{A3AE9F16-9913-4497-A0B4-2F4C5306D91D}.Debug|Any CPU.ActiveCfg = Debug|Any CPU
		{A3AE9F16-9913-4497-A0B4-2F4C5306D91D}.Debug|Any CPU.Build.0 = Debug|Any CPU
		{A3AE9F16-9913-4497-A0B4-2F4C5306D91D}.Release|Any CPU.ActiveCfg = Release|Any CPU
		{A3AE9F16-9913-4497-A0B4-2F4C5306D91D}.Release|Any CPU.Build.0 = Release|Any CPU
		{147465B0-8216-4C97-A794-A05DA99C1909}.Debug|Any CPU.ActiveCfg = Debug|Any CPU
		{147465B0-8216-4C97-A794-A05DA99C1909}.Debug|Any CPU.Build.0 = Debug|Any CPU
		{147465B0-8216-4C97-A794-A05DA99C1909}.Release|Any CPU.ActiveCfg = Release|Any CPU
		{147465B0-8216-4C97-A794-A05DA99C1909}.Release|Any CPU.Build.0 = Release|Any CPU
		{C9059935-E306-4AF1-9757-33180158C330}.Debug|Any CPU.ActiveCfg = Debug|Any CPU
		{C9059935-E306-4AF1-9757-33180158C330}.Debug|Any CPU.Build.0 = Debug|Any CPU
		{C9059935-E306-4AF1-9757-33180158C330}.Release|Any CPU.ActiveCfg = Release|Any CPU
		{C9059935-E306-4AF1-9757-33180158C330}.Release|Any CPU.Build.0 = Release|Any CPU
		{4EC1C1C0-C736-49A0-A396-F0EF1C486DEC}.Debug|Any CPU.ActiveCfg = Debug|Any CPU
		{4EC1C1C0-C736-49A0-A396-F0EF1C486DEC}.Debug|Any CPU.Build.0 = Debug|Any CPU
		{4EC1C1C0-C736-49A0-A396-F0EF1C486DEC}.Release|Any CPU.ActiveCfg = Release|Any CPU
		{4EC1C1C0-C736-49A0-A396-F0EF1C486DEC}.Release|Any CPU.Build.0 = Release|Any CPU
		{88A91020-F34A-46B5-B971-006CE6414D58}.Debug|Any CPU.ActiveCfg = Debug|Any CPU
		{88A91020-F34A-46B5-B971-006CE6414D58}.Debug|Any CPU.Build.0 = Debug|Any CPU
		{88A91020-F34A-46B5-B971-006CE6414D58}.Release|Any CPU.ActiveCfg = Release|Any CPU
		{88A91020-F34A-46B5-B971-006CE6414D58}.Release|Any CPU.Build.0 = Release|Any CPU
		{3B1FBEC5-EB2C-4CCE-BB09-AC9DE389985D}.Debug|Any CPU.ActiveCfg = Debug|Any CPU
		{3B1FBEC5-EB2C-4CCE-BB09-AC9DE389985D}.Debug|Any CPU.Build.0 = Debug|Any CPU
		{3B1FBEC5-EB2C-4CCE-BB09-AC9DE389985D}.Release|Any CPU.ActiveCfg = Release|Any CPU
		{3B1FBEC5-EB2C-4CCE-BB09-AC9DE389985D}.Release|Any CPU.Build.0 = Release|Any CPU
		{7D3E38E3-078C-47A0-B7D9-E29A3F718050}.Debug|Any CPU.ActiveCfg = Debug|Any CPU
		{7D3E38E3-078C-47A0-B7D9-E29A3F718050}.Debug|Any CPU.Build.0 = Debug|Any CPU
		{7D3E38E3-078C-47A0-B7D9-E29A3F718050}.Release|Any CPU.ActiveCfg = Release|Any CPU
		{7D3E38E3-078C-47A0-B7D9-E29A3F718050}.Release|Any CPU.Build.0 = Release|Any CPU
		{9B973028-658D-4F29-A0E7-D70D23982496}.Debug|Any CPU.ActiveCfg = Debug|Any CPU
		{9B973028-658D-4F29-A0E7-D70D23982496}.Debug|Any CPU.Build.0 = Debug|Any CPU
		{9B973028-658D-4F29-A0E7-D70D23982496}.Release|Any CPU.ActiveCfg = Release|Any CPU
		{9B973028-658D-4F29-A0E7-D70D23982496}.Release|Any CPU.Build.0 = Release|Any CPU
		{9C2D0CCB-570B-46B0-A895-79B63F70B52B}.Debug|Any CPU.ActiveCfg = Debug|Any CPU
		{9C2D0CCB-570B-46B0-A895-79B63F70B52B}.Debug|Any CPU.Build.0 = Debug|Any CPU
		{9C2D0CCB-570B-46B0-A895-79B63F70B52B}.Release|Any CPU.ActiveCfg = Release|Any CPU
		{9C2D0CCB-570B-46B0-A895-79B63F70B52B}.Release|Any CPU.Build.0 = Release|Any CPU
		{8D693789-2647-47F9-9960-4AC4E49E9780}.Debug|Any CPU.ActiveCfg = Debug|Any CPU
		{8D693789-2647-47F9-9960-4AC4E49E9780}.Debug|Any CPU.Build.0 = Debug|Any CPU
		{8D693789-2647-47F9-9960-4AC4E49E9780}.Release|Any CPU.ActiveCfg = Release|Any CPU
		{8D693789-2647-47F9-9960-4AC4E49E9780}.Release|Any CPU.Build.0 = Release|Any CPU
		{F30E47B0-A42D-4560-AD35-6A4E5A9D0DEE}.Debug|Any CPU.ActiveCfg = Debug|Any CPU
		{F30E47B0-A42D-4560-AD35-6A4E5A9D0DEE}.Debug|Any CPU.Build.0 = Debug|Any CPU
		{F30E47B0-A42D-4560-AD35-6A4E5A9D0DEE}.Release|Any CPU.ActiveCfg = Release|Any CPU
		{F30E47B0-A42D-4560-AD35-6A4E5A9D0DEE}.Release|Any CPU.Build.0 = Release|Any CPU
		{0C8E5B33-DED7-4A19-AC8C-60B016F6467A}.Debug|Any CPU.ActiveCfg = Debug|Any CPU
		{0C8E5B33-DED7-4A19-AC8C-60B016F6467A}.Debug|Any CPU.Build.0 = Debug|Any CPU
		{0C8E5B33-DED7-4A19-AC8C-60B016F6467A}.Release|Any CPU.ActiveCfg = Release|Any CPU
		{0C8E5B33-DED7-4A19-AC8C-60B016F6467A}.Release|Any CPU.Build.0 = Release|Any CPU
		{152796F1-835B-48B2-ACE2-25B79BC211FA}.Debug|Any CPU.ActiveCfg = Debug|Any CPU
		{152796F1-835B-48B2-ACE2-25B79BC211FA}.Debug|Any CPU.Build.0 = Debug|Any CPU
		{152796F1-835B-48B2-ACE2-25B79BC211FA}.Release|Any CPU.ActiveCfg = Release|Any CPU
		{152796F1-835B-48B2-ACE2-25B79BC211FA}.Release|Any CPU.Build.0 = Release|Any CPU
		{6BC5419D-0428-40C8-B731-0A45966CE814}.Debug|Any CPU.ActiveCfg = Debug|Any CPU
		{6BC5419D-0428-40C8-B731-0A45966CE814}.Debug|Any CPU.Build.0 = Debug|Any CPU
		{6BC5419D-0428-40C8-B731-0A45966CE814}.Release|Any CPU.ActiveCfg = Release|Any CPU
		{6BC5419D-0428-40C8-B731-0A45966CE814}.Release|Any CPU.Build.0 = Release|Any CPU
		{883A0DCB-9090-4EFF-8A4A-58EEBF611734}.Debug|Any CPU.ActiveCfg = Debug|Any CPU
		{883A0DCB-9090-4EFF-8A4A-58EEBF611734}.Debug|Any CPU.Build.0 = Debug|Any CPU
		{883A0DCB-9090-4EFF-8A4A-58EEBF611734}.Release|Any CPU.ActiveCfg = Release|Any CPU
		{883A0DCB-9090-4EFF-8A4A-58EEBF611734}.Release|Any CPU.Build.0 = Release|Any CPU
		{13A87E47-93B8-4219-9299-1E92986E949B}.Debug|Any CPU.ActiveCfg = Debug|Any CPU
		{13A87E47-93B8-4219-9299-1E92986E949B}.Debug|Any CPU.Build.0 = Debug|Any CPU
		{13A87E47-93B8-4219-9299-1E92986E949B}.Release|Any CPU.ActiveCfg = Release|Any CPU
		{13A87E47-93B8-4219-9299-1E92986E949B}.Release|Any CPU.Build.0 = Release|Any CPU
		{4F2FEFB1-B993-43E2-972C-CE4B2C2F7501}.Debug|Any CPU.ActiveCfg = Debug|Any CPU
		{4F2FEFB1-B993-43E2-972C-CE4B2C2F7501}.Debug|Any CPU.Build.0 = Debug|Any CPU
		{4F2FEFB1-B993-43E2-972C-CE4B2C2F7501}.Release|Any CPU.ActiveCfg = Release|Any CPU
		{4F2FEFB1-B993-43E2-972C-CE4B2C2F7501}.Release|Any CPU.Build.0 = Release|Any CPU
		{098BCBE1-89B1-4089-9EB2-7DEA0B0C4C6A}.Debug|Any CPU.ActiveCfg = Debug|Any CPU
		{098BCBE1-89B1-4089-9EB2-7DEA0B0C4C6A}.Debug|Any CPU.Build.0 = Debug|Any CPU
		{098BCBE1-89B1-4089-9EB2-7DEA0B0C4C6A}.Release|Any CPU.ActiveCfg = Release|Any CPU
		{098BCBE1-89B1-4089-9EB2-7DEA0B0C4C6A}.Release|Any CPU.Build.0 = Release|Any CPU
		{110F1E77-D434-411E-B5AC-B1FFCB8DB020}.Debug|Any CPU.ActiveCfg = Debug|Any CPU
		{110F1E77-D434-411E-B5AC-B1FFCB8DB020}.Debug|Any CPU.Build.0 = Debug|Any CPU
		{110F1E77-D434-411E-B5AC-B1FFCB8DB020}.Release|Any CPU.ActiveCfg = Release|Any CPU
		{110F1E77-D434-411E-B5AC-B1FFCB8DB020}.Release|Any CPU.Build.0 = Release|Any CPU
		{5A0303DD-6416-4BA0-BFEC-54BDAB566118}.Debug|Any CPU.ActiveCfg = Debug|Any CPU
		{5A0303DD-6416-4BA0-BFEC-54BDAB566118}.Debug|Any CPU.Build.0 = Debug|Any CPU
		{5A0303DD-6416-4BA0-BFEC-54BDAB566118}.Release|Any CPU.ActiveCfg = Release|Any CPU
		{5A0303DD-6416-4BA0-BFEC-54BDAB566118}.Release|Any CPU.Build.0 = Release|Any CPU
		{C352B187-2024-4C46-BCEF-063C8C394A7B}.Debug|Any CPU.ActiveCfg = Debug|Any CPU
		{C352B187-2024-4C46-BCEF-063C8C394A7B}.Debug|Any CPU.Build.0 = Debug|Any CPU
		{C352B187-2024-4C46-BCEF-063C8C394A7B}.Release|Any CPU.ActiveCfg = Release|Any CPU
		{C352B187-2024-4C46-BCEF-063C8C394A7B}.Release|Any CPU.Build.0 = Release|Any CPU
		{08468DD7-6D44-4D1A-9E6E-C2945A64A7FC}.Debug|Any CPU.ActiveCfg = Debug|Any CPU
		{08468DD7-6D44-4D1A-9E6E-C2945A64A7FC}.Debug|Any CPU.Build.0 = Debug|Any CPU
		{08468DD7-6D44-4D1A-9E6E-C2945A64A7FC}.Release|Any CPU.ActiveCfg = Release|Any CPU
		{08468DD7-6D44-4D1A-9E6E-C2945A64A7FC}.Release|Any CPU.Build.0 = Release|Any CPU
		{376E41A7-7DB9-4648-9555-24518A5140CE}.Debug|Any CPU.ActiveCfg = Debug|Any CPU
		{376E41A7-7DB9-4648-9555-24518A5140CE}.Debug|Any CPU.Build.0 = Debug|Any CPU
		{376E41A7-7DB9-4648-9555-24518A5140CE}.Release|Any CPU.ActiveCfg = Release|Any CPU
		{376E41A7-7DB9-4648-9555-24518A5140CE}.Release|Any CPU.Build.0 = Release|Any CPU
	EndGlobalSection
	GlobalSection(SolutionProperties) = preSolution
		HideSolutionNode = FALSE
	EndGlobalSection
	GlobalSection(NestedProjects) = preSolution
		{CDDFCA20-22DA-47DB-9458-7D019C8CDBE9} = {B4712ED6-B555-486A-8CEF-0EDCBE72C802}
		{645019CA-821C-4A8D-96EF-E4827B751F51} = {B4712ED6-B555-486A-8CEF-0EDCBE72C802}
		{A6F08B9C-8222-468A-BE34-9F199FE7FC6D} = {2849E3CE-A1BE-41E3-AA5D-5A6B9872EA6B}
		{A3AE9F16-9913-4497-A0B4-2F4C5306D91D} = {B4712ED6-B555-486A-8CEF-0EDCBE72C802}
		{147465B0-8216-4C97-A794-A05DA99C1909} = {2849E3CE-A1BE-41E3-AA5D-5A6B9872EA6B}
		{4EC1C1C0-C736-49A0-A396-F0EF1C486DEC} = {4FDE4E02-A53D-4069-A9A9-3AFC50FE0D50}
		{88A91020-F34A-46B5-B971-006CE6414D58} = {4FDE4E02-A53D-4069-A9A9-3AFC50FE0D50}
		{3B1FBEC5-EB2C-4CCE-BB09-AC9DE389985D} = {7C8A6BA0-88C1-4785-9D36-116C5E78BDA2}
		{7D3E38E3-078C-47A0-B7D9-E29A3F718050} = {7C8A6BA0-88C1-4785-9D36-116C5E78BDA2}
		{9B973028-658D-4F29-A0E7-D70D23982496} = {4FDE4E02-A53D-4069-A9A9-3AFC50FE0D50}
		{9C2D0CCB-570B-46B0-A895-79B63F70B52B} = {4FDE4E02-A53D-4069-A9A9-3AFC50FE0D50}
		{8D693789-2647-47F9-9960-4AC4E49E9780} = {4FDE4E02-A53D-4069-A9A9-3AFC50FE0D50}
		{F30E47B0-A42D-4560-AD35-6A4E5A9D0DEE} = {7C8A6BA0-88C1-4785-9D36-116C5E78BDA2}
		{0C8E5B33-DED7-4A19-AC8C-60B016F6467A} = {4FDE4E02-A53D-4069-A9A9-3AFC50FE0D50}
		{152796F1-835B-48B2-ACE2-25B79BC211FA} = {B4712ED6-B555-486A-8CEF-0EDCBE72C802}
		{6BC5419D-0428-40C8-B731-0A45966CE814} = {B4712ED6-B555-486A-8CEF-0EDCBE72C802}
		{883A0DCB-9090-4EFF-8A4A-58EEBF611734} = {B4712ED6-B555-486A-8CEF-0EDCBE72C802}
		{4F2FEFB1-B993-43E2-972C-CE4B2C2F7501} = {B4712ED6-B555-486A-8CEF-0EDCBE72C802}
		{098BCBE1-89B1-4089-9EB2-7DEA0B0C4C6A} = {7A5FB1A2-0A0B-4C05-B923-7054A0F4CA9F}
		{5A0303DD-6416-4BA0-BFEC-54BDAB566118} = {7A5FB1A2-0A0B-4C05-B923-7054A0F4CA9F}
		{C352B187-2024-4C46-BCEF-063C8C394A7B} = {4FDE4E02-A53D-4069-A9A9-3AFC50FE0D50}
		{08468DD7-6D44-4D1A-9E6E-C2945A64A7FC} = {B4712ED6-B555-486A-8CEF-0EDCBE72C802}
		{376E41A7-7DB9-4648-9555-24518A5140CE} = {B4712ED6-B555-486A-8CEF-0EDCBE72C802}
	EndGlobalSection
	GlobalSection(ExtensibilityGlobals) = postSolution
		SolutionGuid = {6FD08DEF-3F27-4B49-9BEE-B04B4E571EE5}
	EndGlobalSection
EndGlobal
