
Microsoft Visual Studio Solution File, Format Version 12.00
# Visual Studio Version 16
VisualStudioVersion = 16.0.29020.237
MinimumVisualStudioVersion = 10.0.40219.1
Project("{9A19103F-16F7-4668-BE54-9A1E7A4F7556}") = "MusicServer", "MusicServer\MusicServer.csproj", "{DD1A2EA6-0C99-4046-A04B-65C80AE62E89}"
EndProject
Project("{9A19103F-16F7-4668-BE54-9A1E7A4F7556}") = "SharedDomain", "SharedDomain\SharedDomain.csproj", "{59888BB0-78E9-4C92-8DC5-03FC7EBFBB91}"
EndProject
Project("{9A19103F-16F7-4668-BE54-9A1E7A4F7556}") = "MusicStorageClient", "MusicStorageClient\MusicStorageClient.csproj", "{A6F08B9C-8222-468A-BE34-9F199FE7FC6D}"
EndProject
Project("{2150E333-8FDC-42A3-9474-1A3956D46DE8}") = "StorageClient", "StorageClient", "{2849E3CE-A1BE-41E3-AA5D-5A6B9872EA6B}"
EndProject
Project("{2150E333-8FDC-42A3-9474-1A3956D46DE8}") = "GamePlayingContext", "GamePlayingContext", "{7C8A6BA0-88C1-4785-9D36-116C5E78BDA2}"
EndProject
Project("{9A19103F-16F7-4668-BE54-9A1E7A4F7556}") = "GamePlaying", "GamePlayingContext\GamePlaying\GamePlaying.csproj", "{3B1FBEC5-EB2C-4CCE-BB09-AC9DE389985D}"
EndProject
Project("{9A19103F-16F7-4668-BE54-9A1E7A4F7556}") = "GamePlaying.Repositories", "GamePlayingContext\GamePlaying.Repositories\GamePlaying.Repositories.csproj", "{7D3E38E3-078C-47A0-B7D9-E29A3F718050}"
EndProject
Project("{2150E333-8FDC-42A3-9474-1A3956D46DE8}") = "Infrastructure", "Infrastructure", "{4FDE4E02-A53D-4069-A9A9-3AFC50FE0D50}"
EndProject
Project("{9A19103F-16F7-4668-BE54-9A1E7A4F7556}") = "SteamWebApi.Client", "SteamWebApi.Client\SteamWebApi.Client.csproj", "{8D693789-2647-47F9-9960-4AC4E49E9780}"
EndProject
Project("{9A19103F-16F7-4668-BE54-9A1E7A4F7556}") = "GamePlaying.Tests", "GamePlayingContext\GamePlaying.Tests\GamePlaying.Tests.csproj", "{F30E47B0-A42D-4560-AD35-6A4E5A9D0DEE}"
EndProject
Project("{9A19103F-16F7-4668-BE54-9A1E7A4F7556}") = "MusicDbApi", "MusicDbApi\MusicDbApi.csproj", "{0C8E5B33-DED7-4A19-AC8C-60B016F6467A}"
EndProject
Project("{9A19103F-16F7-4668-BE54-9A1E7A4F7556}") = "SharedDomain.Tests", "SharedDomain.Tests\SharedDomain.Tests.csproj", "{110F1E77-D434-411E-B5AC-B1FFCB8DB020}"
EndProject
Project("{9A19103F-16F7-4668-BE54-9A1E7A4F7556}") = "AudioProcessing", "AudioProcessing\AudioProcessing.csproj", "{C352B187-2024-4C46-BCEF-063C8C394A7B}"
EndProject
Project("{FAE04EC0-301F-11D3-BF4B-00C04F79EFBC}") = "SignalrClientWrapper", "SignalrClientWrapper\SignalrClientWrapper.csproj", "{B22BCBD8-4217-40F8-B986-872009787FE2}"
EndProject
Global
	GlobalSection(SolutionConfigurationPlatforms) = preSolution
		Debug|Any CPU = Debug|Any CPU
		Release|Any CPU = Release|Any CPU
	EndGlobalSection
	GlobalSection(ProjectConfigurationPlatforms) = postSolution
		{DD1A2EA6-0C99-4046-A04B-65C80AE62E89}.Debug|Any CPU.ActiveCfg = Debug|Any CPU
		{DD1A2EA6-0C99-4046-A04B-65C80AE62E89}.Debug|Any CPU.Build.0 = Debug|Any CPU
		{DD1A2EA6-0C99-4046-A04B-65C80AE62E89}.Release|Any CPU.ActiveCfg = Release|Any CPU
		{DD1A2EA6-0C99-4046-A04B-65C80AE62E89}.Release|Any CPU.Build.0 = Release|Any CPU
		{59888BB0-78E9-4C92-8DC5-03FC7EBFBB91}.Debug|Any CPU.ActiveCfg = Debug|Any CPU
		{59888BB0-78E9-4C92-8DC5-03FC7EBFBB91}.Debug|Any CPU.Build.0 = Debug|Any CPU
		{59888BB0-78E9-4C92-8DC5-03FC7EBFBB91}.Release|Any CPU.ActiveCfg = Release|Any CPU
		{59888BB0-78E9-4C92-8DC5-03FC7EBFBB91}.Release|Any CPU.Build.0 = Release|Any CPU
		{A6F08B9C-8222-468A-BE34-9F199FE7FC6D}.Debug|Any CPU.ActiveCfg = Debug|Any CPU
		{A6F08B9C-8222-468A-BE34-9F199FE7FC6D}.Debug|Any CPU.Build.0 = Debug|Any CPU
		{A6F08B9C-8222-468A-BE34-9F199FE7FC6D}.Release|Any CPU.ActiveCfg = Release|Any CPU
		{A6F08B9C-8222-468A-BE34-9F199FE7FC6D}.Release|Any CPU.Build.0 = Release|Any CPU
		{3B1FBEC5-EB2C-4CCE-BB09-AC9DE389985D}.Debug|Any CPU.ActiveCfg = Debug|Any CPU
		{3B1FBEC5-EB2C-4CCE-BB09-AC9DE389985D}.Debug|Any CPU.Build.0 = Debug|Any CPU
		{3B1FBEC5-EB2C-4CCE-BB09-AC9DE389985D}.Release|Any CPU.ActiveCfg = Release|Any CPU
		{3B1FBEC5-EB2C-4CCE-BB09-AC9DE389985D}.Release|Any CPU.Build.0 = Release|Any CPU
		{7D3E38E3-078C-47A0-B7D9-E29A3F718050}.Debug|Any CPU.ActiveCfg = Debug|Any CPU
		{7D3E38E3-078C-47A0-B7D9-E29A3F718050}.Debug|Any CPU.Build.0 = Debug|Any CPU
		{7D3E38E3-078C-47A0-B7D9-E29A3F718050}.Release|Any CPU.ActiveCfg = Release|Any CPU
		{7D3E38E3-078C-47A0-B7D9-E29A3F718050}.Release|Any CPU.Build.0 = Release|Any CPU
		{8D693789-2647-47F9-9960-4AC4E49E9780}.Debug|Any CPU.ActiveCfg = Debug|Any CPU
		{8D693789-2647-47F9-9960-4AC4E49E9780}.Debug|Any CPU.Build.0 = Debug|Any CPU
		{8D693789-2647-47F9-9960-4AC4E49E9780}.Release|Any CPU.ActiveCfg = Release|Any CPU
		{8D693789-2647-47F9-9960-4AC4E49E9780}.Release|Any CPU.Build.0 = Release|Any CPU
		{F30E47B0-A42D-4560-AD35-6A4E5A9D0DEE}.Debug|Any CPU.ActiveCfg = Debug|Any CPU
		{F30E47B0-A42D-4560-AD35-6A4E5A9D0DEE}.Debug|Any CPU.Build.0 = Debug|Any CPU
		{F30E47B0-A42D-4560-AD35-6A4E5A9D0DEE}.Release|Any CPU.ActiveCfg = Release|Any CPU
		{F30E47B0-A42D-4560-AD35-6A4E5A9D0DEE}.Release|Any CPU.Build.0 = Release|Any CPU
		{0C8E5B33-DED7-4A19-AC8C-60B016F6467A}.Debug|Any CPU.ActiveCfg = Debug|Any CPU
		{0C8E5B33-DED7-4A19-AC8C-60B016F6467A}.Debug|Any CPU.Build.0 = Debug|Any CPU
		{0C8E5B33-DED7-4A19-AC8C-60B016F6467A}.Release|Any CPU.ActiveCfg = Release|Any CPU
		{0C8E5B33-DED7-4A19-AC8C-60B016F6467A}.Release|Any CPU.Build.0 = Release|Any CPU
		{110F1E77-D434-411E-B5AC-B1FFCB8DB020}.Debug|Any CPU.ActiveCfg = Debug|Any CPU
		{110F1E77-D434-411E-B5AC-B1FFCB8DB020}.Debug|Any CPU.Build.0 = Debug|Any CPU
		{110F1E77-D434-411E-B5AC-B1FFCB8DB020}.Release|Any CPU.ActiveCfg = Release|Any CPU
		{110F1E77-D434-411E-B5AC-B1FFCB8DB020}.Release|Any CPU.Build.0 = Release|Any CPU
		{C352B187-2024-4C46-BCEF-063C8C394A7B}.Debug|Any CPU.ActiveCfg = Debug|Any CPU
		{C352B187-2024-4C46-BCEF-063C8C394A7B}.Debug|Any CPU.Build.0 = Debug|Any CPU
		{C352B187-2024-4C46-BCEF-063C8C394A7B}.Release|Any CPU.ActiveCfg = Release|Any CPU
		{C352B187-2024-4C46-BCEF-063C8C394A7B}.Release|Any CPU.Build.0 = Release|Any CPU
		{B22BCBD8-4217-40F8-B986-872009787FE2}.Debug|Any CPU.ActiveCfg = Debug|Any CPU
		{B22BCBD8-4217-40F8-B986-872009787FE2}.Debug|Any CPU.Build.0 = Debug|Any CPU
		{B22BCBD8-4217-40F8-B986-872009787FE2}.Release|Any CPU.ActiveCfg = Release|Any CPU
		{B22BCBD8-4217-40F8-B986-872009787FE2}.Release|Any CPU.Build.0 = Release|Any CPU
	EndGlobalSection
	GlobalSection(SolutionProperties) = preSolution
		HideSolutionNode = FALSE
	EndGlobalSection
	GlobalSection(NestedProjects) = preSolution
		{A6F08B9C-8222-468A-BE34-9F199FE7FC6D} = {2849E3CE-A1BE-41E3-AA5D-5A6B9872EA6B}
		{3B1FBEC5-EB2C-4CCE-BB09-AC9DE389985D} = {7C8A6BA0-88C1-4785-9D36-116C5E78BDA2}
		{7D3E38E3-078C-47A0-B7D9-E29A3F718050} = {7C8A6BA0-88C1-4785-9D36-116C5E78BDA2}
		{8D693789-2647-47F9-9960-4AC4E49E9780} = {4FDE4E02-A53D-4069-A9A9-3AFC50FE0D50}
		{F30E47B0-A42D-4560-AD35-6A4E5A9D0DEE} = {7C8A6BA0-88C1-4785-9D36-116C5E78BDA2}
		{0C8E5B33-DED7-4A19-AC8C-60B016F6467A} = {4FDE4E02-A53D-4069-A9A9-3AFC50FE0D50}
		{C352B187-2024-4C46-BCEF-063C8C394A7B} = {4FDE4E02-A53D-4069-A9A9-3AFC50FE0D50}
	EndGlobalSection
	GlobalSection(ExtensibilityGlobals) = postSolution
		SolutionGuid = {6FD08DEF-3F27-4B49-9BEE-B04B4E571EE5}
	EndGlobalSection
EndGlobal
