<Solution>
  <Project Path="Assembly-CSharp.csproj" />
  <Project Path="Assembly-CSharp-firstpass.csproj" />
  <Project Path="Assembly-CSharp-Editor.csproj" />
  <Project Path="PlayFabEditorExtensions.csproj" />
  <Project Path="PlayFab.csproj" />
  <Project Path="PlayFabSDKEditor.csproj" />
</Solution>
