
Microsoft Visual Studio Solution File, Format Version 12.00
# Visual Studio Version 16
VisualStudioVersion = 16.0.31105.61
MinimumVisualStudioVersion = 10.0.40219.1
Project("{FAE04EC0-301F-11D3-BF4B-00C04F79EFBC}") = "PlayFab.Console", "PlayFab.Console\PlayFab.Console.csproj", "{14EF0AED-B640-4D7E-8AEB-4665C55818FF}"
EndProject
Global
	GlobalSection(SolutionConfigurationPlatforms) = preSolution
		Debug|Any CPU = Debug|Any CPU
		Release|Any CPU = Release|Any CPU
	EndGlobalSection
	GlobalSection(ProjectConfigurationPlatforms) = postSolution
		{14EF0AED-B640-4D7E-8AEB-4665C55818FF}.Debug|Any CPU.ActiveCfg = Debug|Any CPU
		{14EF0AED-B640-4D7E-8AEB-4665C55818FF}.Debug|Any CPU.Build.0 = Debug|Any CPU
		{14EF0AED-B640-4D7E-8AEB-4665C55818FF}.Release|Any CPU.ActiveCfg = Release|Any CPU
		{14EF0AED-B640-4D7E-8AEB-4665C55818FF}.Release|Any CPU.Build.0 = Release|Any CPU
	EndGlobalSection
	GlobalSection(SolutionProperties) = preSolution
		HideSolutionNode = FALSE
	EndGlobalSection
	GlobalSection(ExtensibilityGlobals) = postSolution
		SolutionGuid = {F217627F-9674-4440-9998-E4E71088CE77}
	EndGlobalSection
EndGlobal
